
Microsoft Visual Studio Solution File, Format Version 12.00
# Visual Studio 14
VisualStudioVersion = 14.0.23107.0
MinimumVisualStudioVersion = 10.0.40219.1
Project("{FAE04EC0-301F-11D3-BF4B-00C04F79EFBC}") = "001.BiggerNumber", "001.BiggerNumber\001.BiggerNumber.csproj", "{D874FA82-DD36-43A3-A146-4118FAE832B3}"
EndProject
Project("{FAE04EC0-301F-11D3-BF4B-00C04F79EFBC}") = "002.LastDigit", "002.LastDigit\002.LastDigit.csproj", "{9AF05F2B-1560-45A6-BFB6-946C80E5CD7E}"
EndProject
Project("{FAE04EC0-301F-11D3-BF4B-00C04F79EFBC}") = "003.LargerThanNeighbours", "003.LargerThanNeighbours\003.LargerThanNeighbours.csproj", "{68836992-3708-4402-8FEA-00885DC36863}"
EndProject
Project("{FAE04EC0-301F-11D3-BF4B-00C04F79EFBC}") = "004.FirstBiggerThanNeighbours", "004.FirstBiggerThanNeighbours\004.FirstBiggerThanNeighbours.csproj", "{70A3F32A-80FC-4361-A462-2713786D1989}"
EndProject
Project("{FAE04EC0-301F-11D3-BF4B-00C04F79EFBC}") = "005.ReverseNumber", "005.ReverseNumber\005.ReverseNumber.csproj", "{26807B8E-9B97-4A11-AA84-46E7650A5F3A}"
EndProject
Project("{FAE04EC0-301F-11D3-BF4B-00C04F79EFBC}") = "006.NumberCalculations", "006.NumberCalculations\006.NumberCalculations.csproj", "{AA28BB10-A42E-4468-BCB8-8F8135BE3A4D}"
EndProject
Project("{FAE04EC0-301F-11D3-BF4B-00C04F79EFBC}") = "007.GenericArraySort", "007.GenericArraySort\007.GenericArraySort.csproj", "{58F72395-8A49-4FFB-BB8A-4086C1AEF61D}"
EndProject
Global
	GlobalSection(SolutionConfigurationPlatforms) = preSolution
		Debug|Any CPU = Debug|Any CPU
		Debug|ARM = Debug|ARM
		Debug|x64 = Debug|x64
		Debug|x86 = Debug|x86
		Release|Any CPU = Release|Any CPU
		Release|ARM = Release|ARM
		Release|x64 = Release|x64
		Release|x86 = Release|x86
	EndGlobalSection
	GlobalSection(ProjectConfigurationPlatforms) = postSolution
		{D874FA82-DD36-43A3-A146-4118FAE832B3}.Debug|Any CPU.ActiveCfg = Debug|Any CPU
		{D874FA82-DD36-43A3-A146-4118FAE832B3}.Debug|Any CPU.Build.0 = Debug|Any CPU
		{D874FA82-DD36-43A3-A146-4118FAE832B3}.Debug|ARM.ActiveCfg = Debug|Any CPU
		{D874FA82-DD36-43A3-A146-4118FAE832B3}.Debug|ARM.Build.0 = Debug|Any CPU
		{D874FA82-DD36-43A3-A146-4118FAE832B3}.Debug|x64.ActiveCfg = Debug|Any CPU
		{D874FA82-DD36-43A3-A146-4118FAE832B3}.Debug|x64.Build.0 = Debug|Any CPU
		{D874FA82-DD36-43A3-A146-4118FAE832B3}.Debug|x86.ActiveCfg = Debug|Any CPU
		{D874FA82-DD36-43A3-A146-4118FAE832B3}.Debug|x86.Build.0 = Debug|Any CPU
		{D874FA82-DD36-43A3-A146-4118FAE832B3}.Release|Any CPU.ActiveCfg = Release|Any CPU
		{D874FA82-DD36-43A3-A146-4118FAE832B3}.Release|Any CPU.Build.0 = Release|Any CPU
		{D874FA82-DD36-43A3-A146-4118FAE832B3}.Release|ARM.ActiveCfg = Release|Any CPU
		{D874FA82-DD36-43A3-A146-4118FAE832B3}.Release|ARM.Build.0 = Release|Any CPU
		{D874FA82-DD36-43A3-A146-4118FAE832B3}.Release|x64.ActiveCfg = Release|Any CPU
		{D874FA82-DD36-43A3-A146-4118FAE832B3}.Release|x64.Build.0 = Release|Any CPU
		{D874FA82-DD36-43A3-A146-4118FAE832B3}.Release|x86.ActiveCfg = Release|Any CPU
		{D874FA82-DD36-43A3-A146-4118FAE832B3}.Release|x86.Build.0 = Release|Any CPU
		{9AF05F2B-1560-45A6-BFB6-946C80E5CD7E}.Debug|Any CPU.ActiveCfg = Debug|Any CPU
		{9AF05F2B-1560-45A6-BFB6-946C80E5CD7E}.Debug|Any CPU.Build.0 = Debug|Any CPU
		{9AF05F2B-1560-45A6-BFB6-946C80E5CD7E}.Debug|ARM.ActiveCfg = Debug|Any CPU
		{9AF05F2B-1560-45A6-BFB6-946C80E5CD7E}.Debug|ARM.Build.0 = Debug|Any CPU
		{9AF05F2B-1560-45A6-BFB6-946C80E5CD7E}.Debug|x64.ActiveCfg = Debug|Any CPU
		{9AF05F2B-1560-45A6-BFB6-946C80E5CD7E}.Debug|x64.Build.0 = Debug|Any CPU
		{9AF05F2B-1560-45A6-BFB6-946C80E5CD7E}.Debug|x86.ActiveCfg = Debug|Any CPU
		{9AF05F2B-1560-45A6-BFB6-946C80E5CD7E}.Debug|x86.Build.0 = Debug|Any CPU
		{9AF05F2B-1560-45A6-BFB6-946C80E5CD7E}.Release|Any CPU.ActiveCfg = Release|Any CPU
		{9AF05F2B-1560-45A6-BFB6-946C80E5CD7E}.Release|Any CPU.Build.0 = Release|Any CPU
		{9AF05F2B-1560-45A6-BFB6-946C80E5CD7E}.Release|ARM.ActiveCfg = Release|Any CPU
		{9AF05F2B-1560-45A6-BFB6-946C80E5CD7E}.Release|ARM.Build.0 = Release|Any CPU
		{9AF05F2B-1560-45A6-BFB6-946C80E5CD7E}.Release|x64.ActiveCfg = Release|Any CPU
		{9AF05F2B-1560-45A6-BFB6-946C80E5CD7E}.Release|x64.Build.0 = Release|Any CPU
		{9AF05F2B-1560-45A6-BFB6-946C80E5CD7E}.Release|x86.ActiveCfg = Release|Any CPU
		{9AF05F2B-1560-45A6-BFB6-946C80E5CD7E}.Release|x86.Build.0 = Release|Any CPU
		{68836992-3708-4402-8FEA-00885DC36863}.Debug|Any CPU.ActiveCfg = Debug|Any CPU
		{68836992-3708-4402-8FEA-00885DC36863}.Debug|Any CPU.Build.0 = Debug|Any CPU
		{68836992-3708-4402-8FEA-00885DC36863}.Debug|ARM.ActiveCfg = Debug|Any CPU
		{68836992-3708-4402-8FEA-00885DC36863}.Debug|ARM.Build.0 = Debug|Any CPU
		{68836992-3708-4402-8FEA-00885DC36863}.Debug|x64.ActiveCfg = Debug|Any CPU
		{68836992-3708-4402-8FEA-00885DC36863}.Debug|x64.Build.0 = Debug|Any CPU
		{68836992-3708-4402-8FEA-00885DC36863}.Debug|x86.ActiveCfg = Debug|Any CPU
		{68836992-3708-4402-8FEA-00885DC36863}.Debug|x86.Build.0 = Debug|Any CPU
		{68836992-3708-4402-8FEA-00885DC36863}.Release|Any CPU.ActiveCfg = Release|Any CPU
		{68836992-3708-4402-8FEA-00885DC36863}.Release|Any CPU.Build.0 = Release|Any CPU
		{68836992-3708-4402-8FEA-00885DC36863}.Release|ARM.ActiveCfg = Release|Any CPU
		{68836992-3708-4402-8FEA-00885DC36863}.Release|ARM.Build.0 = Release|Any CPU
		{68836992-3708-4402-8FEA-00885DC36863}.Release|x64.ActiveCfg = Release|Any CPU
		{68836992-3708-4402-8FEA-00885DC36863}.Release|x64.Build.0 = Release|Any CPU
		{68836992-3708-4402-8FEA-00885DC36863}.Release|x86.ActiveCfg = Release|Any CPU
		{68836992-3708-4402-8FEA-00885DC36863}.Release|x86.Build.0 = Release|Any CPU
		{70A3F32A-80FC-4361-A462-2713786D1989}.Debug|Any CPU.ActiveCfg = Debug|Any CPU
		{70A3F32A-80FC-4361-A462-2713786D1989}.Debug|Any CPU.Build.0 = Debug|Any CPU
		{70A3F32A-80FC-4361-A462-2713786D1989}.Debug|ARM.ActiveCfg = Debug|Any CPU
		{70A3F32A-80FC-4361-A462-2713786D1989}.Debug|ARM.Build.0 = Debug|Any CPU
		{70A3F32A-80FC-4361-A462-2713786D1989}.Debug|x64.ActiveCfg = Debug|Any CPU
		{70A3F32A-80FC-4361-A462-2713786D1989}.Debug|x64.Build.0 = Debug|Any CPU
		{70A3F32A-80FC-4361-A462-2713786D1989}.Debug|x86.ActiveCfg = Debug|Any CPU
		{70A3F32A-80FC-4361-A462-2713786D1989}.Debug|x86.Build.0 = Debug|Any CPU
		{70A3F32A-80FC-4361-A462-2713786D1989}.Release|Any CPU.ActiveCfg = Release|Any CPU
		{70A3F32A-80FC-4361-A462-2713786D1989}.Release|Any CPU.Build.0 = Release|Any CPU
		{70A3F32A-80FC-4361-A462-2713786D1989}.Release|ARM.ActiveCfg = Release|Any CPU
		{70A3F32A-80FC-4361-A462-2713786D1989}.Release|ARM.Build.0 = Release|Any CPU
		{70A3F32A-80FC-4361-A462-2713786D1989}.Release|x64.ActiveCfg = Release|Any CPU
		{70A3F32A-80FC-4361-A462-2713786D1989}.Release|x64.Build.0 = Release|Any CPU
		{70A3F32A-80FC-4361-A462-2713786D1989}.Release|x86.ActiveCfg = Release|Any CPU
		{70A3F32A-80FC-4361-A462-2713786D1989}.Release|x86.Build.0 = Release|Any CPU
		{26807B8E-9B97-4A11-AA84-46E7650A5F3A}.Debug|Any CPU.ActiveCfg = Debug|Any CPU
		{26807B8E-9B97-4A11-AA84-46E7650A5F3A}.Debug|Any CPU.Build.0 = Debug|Any CPU
		{26807B8E-9B97-4A11-AA84-46E7650A5F3A}.Debug|ARM.ActiveCfg = Debug|Any CPU
		{26807B8E-9B97-4A11-AA84-46E7650A5F3A}.Debug|ARM.Build.0 = Debug|Any CPU
		{26807B8E-9B97-4A11-AA84-46E7650A5F3A}.Debug|x64.ActiveCfg = Debug|Any CPU
		{26807B8E-9B97-4A11-AA84-46E7650A5F3A}.Debug|x64.Build.0 = Debug|Any CPU
		{26807B8E-9B97-4A11-AA84-46E7650A5F3A}.Debug|x86.ActiveCfg = Debug|Any CPU
		{26807B8E-9B97-4A11-AA84-46E7650A5F3A}.Debug|x86.Build.0 = Debug|Any CPU
		{26807B8E-9B97-4A11-AA84-46E7650A5F3A}.Release|Any CPU.ActiveCfg = Release|Any CPU
		{26807B8E-9B97-4A11-AA84-46E7650A5F3A}.Release|Any CPU.Build.0 = Release|Any CPU
		{26807B8E-9B97-4A11-AA84-46E7650A5F3A}.Release|ARM.ActiveCfg = Release|Any CPU
		{26807B8E-9B97-4A11-AA84-46E7650A5F3A}.Release|ARM.Build.0 = Release|Any CPU
		{26807B8E-9B97-4A11-AA84-46E7650A5F3A}.Release|x64.ActiveCfg = Release|Any CPU
		{26807B8E-9B97-4A11-AA84-46E7650A5F3A}.Release|x64.Build.0 = Release|Any CPU
		{26807B8E-9B97-4A11-AA84-46E7650A5F3A}.Release|x86.ActiveCfg = Release|Any CPU
		{26807B8E-9B97-4A11-AA84-46E7650A5F3A}.Release|x86.Build.0 = Release|Any CPU
		{AA28BB10-A42E-4468-BCB8-8F8135BE3A4D}.Debug|Any CPU.ActiveCfg = Debug|Any CPU
		{AA28BB10-A42E-4468-BCB8-8F8135BE3A4D}.Debug|Any CPU.Build.0 = Debug|Any CPU
		{AA28BB10-A42E-4468-BCB8-8F8135BE3A4D}.Debug|ARM.ActiveCfg = Debug|Any CPU
		{AA28BB10-A42E-4468-BCB8-8F8135BE3A4D}.Debug|ARM.Build.0 = Debug|Any CPU
		{AA28BB10-A42E-4468-BCB8-8F8135BE3A4D}.Debug|x64.ActiveCfg = Debug|Any CPU
		{AA28BB10-A42E-4468-BCB8-8F8135BE3A4D}.Debug|x64.Build.0 = Debug|Any CPU
		{AA28BB10-A42E-4468-BCB8-8F8135BE3A4D}.Debug|x86.ActiveCfg = Debug|Any CPU
		{AA28BB10-A42E-4468-BCB8-8F8135BE3A4D}.Debug|x86.Build.0 = Debug|Any CPU
		{AA28BB10-A42E-4468-BCB8-8F8135BE3A4D}.Release|Any CPU.ActiveCfg = Release|Any CPU
		{AA28BB10-A42E-4468-BCB8-8F8135BE3A4D}.Release|Any CPU.Build.0 = Release|Any CPU
		{AA28BB10-A42E-4468-BCB8-8F8135BE3A4D}.Release|ARM.ActiveCfg = Release|Any CPU
		{AA28BB10-A42E-4468-BCB8-8F8135BE3A4D}.Release|ARM.Build.0 = Release|Any CPU
		{AA28BB10-A42E-4468-BCB8-8F8135BE3A4D}.Release|x64.ActiveCfg = Release|Any CPU
		{AA28BB10-A42E-4468-BCB8-8F8135BE3A4D}.Release|x64.Build.0 = Release|Any CPU
		{AA28BB10-A42E-4468-BCB8-8F8135BE3A4D}.Release|x86.ActiveCfg = Release|Any CPU
		{AA28BB10-A42E-4468-BCB8-8F8135BE3A4D}.Release|x86.Build.0 = Release|Any CPU
		{58F72395-8A49-4FFB-BB8A-4086C1AEF61D}.Debug|Any CPU.ActiveCfg = Debug|Any CPU
		{58F72395-8A49-4FFB-BB8A-4086C1AEF61D}.Debug|Any CPU.Build.0 = Debug|Any CPU
		{58F72395-8A49-4FFB-BB8A-4086C1AEF61D}.Debug|ARM.ActiveCfg = Debug|Any CPU
		{58F72395-8A49-4FFB-BB8A-4086C1AEF61D}.Debug|ARM.Build.0 = Debug|Any CPU
		{58F72395-8A49-4FFB-BB8A-4086C1AEF61D}.Debug|x64.ActiveCfg = Debug|Any CPU
		{58F72395-8A49-4FFB-BB8A-4086C1AEF61D}.Debug|x64.Build.0 = Debug|Any CPU
		{58F72395-8A49-4FFB-BB8A-4086C1AEF61D}.Debug|x86.ActiveCfg = Debug|Any CPU
		{58F72395-8A49-4FFB-BB8A-4086C1AEF61D}.Debug|x86.Build.0 = Debug|Any CPU
		{58F72395-8A49-4FFB-BB8A-4086C1AEF61D}.Release|Any CPU.ActiveCfg = Release|Any CPU
		{58F72395-8A49-4FFB-BB8A-4086C1AEF61D}.Release|Any CPU.Build.0 = Release|Any CPU
		{58F72395-8A49-4FFB-BB8A-4086C1AEF61D}.Release|ARM.ActiveCfg = Release|Any CPU
		{58F72395-8A49-4FFB-BB8A-4086C1AEF61D}.Release|ARM.Build.0 = Release|Any CPU
		{58F72395-8A49-4FFB-BB8A-4086C1AEF61D}.Release|x64.ActiveCfg = Release|Any CPU
		{58F72395-8A49-4FFB-BB8A-4086C1AEF61D}.Release|x64.Build.0 = Release|Any CPU
		{58F72395-8A49-4FFB-BB8A-4086C1AEF61D}.Release|x86.ActiveCfg = Release|Any CPU
		{58F72395-8A49-4FFB-BB8A-4086C1AEF61D}.Release|x86.Build.0 = Release|Any CPU
	EndGlobalSection
	GlobalSection(SolutionProperties) = preSolution
		HideSolutionNode = FALSE
	EndGlobalSection
EndGlobal
